
Microsoft Visual Studio Solution File, Format Version 12.00
# Visual Studio Version 17
VisualStudioVersion = 17.3.32929.385
MinimumVisualStudioVersion = 10.0.40219.1
Project("{FAE04EC0-301F-11D3-BF4B-00C04F79EFBC}") = "ShopConsole", "ShopConsole\ShopConsole.csproj", "{8C708116-2654-42AC-B871-D80DCC102A97}"
EndProject
Global
	GlobalSection(SolutionConfigurationPlatforms) = preSolution
		Debug|Any CPU = Debug|Any CPU
		Release|Any CPU = Release|Any CPU
	EndGlobalSection
	GlobalSection(ProjectConfigurationPlatforms) = postSolution
		{8C708116-2654-42AC-B871-D80DCC102A97}.Debug|Any CPU.ActiveCfg = Debug|Any CPU
		{8C708116-2654-42AC-B871-D80DCC102A97}.Debug|Any CPU.Build.0 = Debug|Any CPU
		{8C708116-2654-42AC-B871-D80DCC102A97}.Release|Any CPU.ActiveCfg = Release|Any CPU
		{8C708116-2654-42AC-B871-D80DCC102A97}.Release|Any CPU.Build.0 = Release|Any CPU
	EndGlobalSection
	GlobalSection(SolutionProperties) = preSolution
		HideSolutionNode = FALSE
	EndGlobalSection
	GlobalSection(ExtensibilityGlobals) = postSolution
		SolutionGuid = {DB280EA9-7472-4609-8E7F-347B044730D9}
	EndGlobalSection
EndGlobal
